
Microsoft Visual Studio Solution File, Format Version 12.00
# Visual Studio Version 16
VisualStudioVersion = 16.0.31205.134
MinimumVisualStudioVersion = 10.0.40219.1
Project("{FAE04EC0-301F-11D3-BF4B-00C04F79EFBC}") = "XamarCalc.Android", "XamarCalc\XamarCalc.Android\XamarCalc.Android.csproj", "{038EF70C-E8B8-4314-B571-E0A71C2AC30A}"
EndProject
Project("{FAE04EC0-301F-11D3-BF4B-00C04F79EFBC}") = "XamarCalc", "XamarCalc\XamarCalc\XamarCalc.csproj", "{92DED92F-AF7C-4462-B509-54CBDF5CB901}"
EndProject
Global
	GlobalSection(SolutionConfigurationPlatforms) = preSolution
		Debug|Any CPU = Debug|Any CPU
		Release|Any CPU = Release|Any CPU
	EndGlobalSection
	GlobalSection(ProjectConfigurationPlatforms) = postSolution
		{038EF70C-E8B8-4314-B571-E0A71C2AC30A}.Debug|Any CPU.ActiveCfg = Debug|Any CPU
		{038EF70C-E8B8-4314-B571-E0A71C2AC30A}.Debug|Any CPU.Build.0 = Debug|Any CPU
		{038EF70C-E8B8-4314-B571-E0A71C2AC30A}.Debug|Any CPU.Deploy.0 = Debug|Any CPU
		{038EF70C-E8B8-4314-B571-E0A71C2AC30A}.Release|Any CPU.ActiveCfg = Release|Any CPU
		{038EF70C-E8B8-4314-B571-E0A71C2AC30A}.Release|Any CPU.Build.0 = Release|Any CPU
		{038EF70C-E8B8-4314-B571-E0A71C2AC30A}.Release|Any CPU.Deploy.0 = Release|Any CPU
		{92DED92F-AF7C-4462-B509-54CBDF5CB901}.Debug|Any CPU.ActiveCfg = Debug|Any CPU
		{92DED92F-AF7C-4462-B509-54CBDF5CB901}.Debug|Any CPU.Build.0 = Debug|Any CPU
		{92DED92F-AF7C-4462-B509-54CBDF5CB901}.Debug|Any CPU.Deploy.0 = Debug|Any CPU
		{92DED92F-AF7C-4462-B509-54CBDF5CB901}.Release|Any CPU.ActiveCfg = Release|Any CPU
		{92DED92F-AF7C-4462-B509-54CBDF5CB901}.Release|Any CPU.Build.0 = Release|Any CPU
		{92DED92F-AF7C-4462-B509-54CBDF5CB901}.Release|Any CPU.Deploy.0 = Release|Any CPU
	EndGlobalSection
	GlobalSection(SolutionProperties) = preSolution
		HideSolutionNode = FALSE
	EndGlobalSection
	GlobalSection(ExtensibilityGlobals) = postSolution
		SolutionGuid = {FB59E05F-E990-4D97-B918-97A66CBA5DF7}
	EndGlobalSection
EndGlobal
